// !$*UTF8*$!
{
	archiveVersion = 1;
	classes = {
	};
	objectVersion = 46;
	objects = {

/* Begin PBXBuildFile section */
		A412370B1A24A6F0006FDBB8 /* DivideAndConquer.swift in Sources */ = {isa = PBXBuildFile; fileRef = A412370A1A24A6F0006FDBB8 /* DivideAndConquer.swift */; };
		A41388BD1A2363EA00B14710 /* Background.swift in Sources */ = {isa = PBXBuildFile; fileRef = A41388BC1A2363EA00B14710 /* Background.swift */; };
		A41885EC1A23047300829E0B /* AppDelegate.swift in Sources */ = {isa = PBXBuildFile; fileRef = A41885EB1A23047300829E0B /* AppDelegate.swift */; };
		A41885EE1A23047300829E0B /* ViewController.swift in Sources */ = {isa = PBXBuildFile; fileRef = A41885ED1A23047300829E0B /* ViewController.swift */; };
		A41885F01A23047300829E0B /* Images.xcassets in Resources */ = {isa = PBXBuildFile; fileRef = A41885EF1A23047300829E0B /* Images.xcassets */; };
		A41885F31A23047300829E0B /* Main.storyboard in Resources */ = {isa = PBXBuildFile; fileRef = A41885F11A23047300829E0B /* Main.storyboard */; };
		A41885FF1A23047300829E0B /* ConvexHullTests.swift in Sources */ = {isa = PBXBuildFile; fileRef = A41885FE1A23047300829E0B /* ConvexHullTests.swift */; };
		A41886091A2304F900829E0B /* BruteForceCH.swift in Sources */ = {isa = PBXBuildFile; fileRef = A41886081A2304F900829E0B /* BruteForceCH.swift */; };
		A41EF85E1A240D4F0014A61F /* PointView.swift in Sources */ = {isa = PBXBuildFile; fileRef = A41EF85D1A240D4F0014A61F /* PointView.swift */; };
		A42800461A241ACF00F28C78 /* HelpMethod.swift in Sources */ = {isa = PBXBuildFile; fileRef = A42800451A241ACF00F28C78 /* HelpMethod.swift */; };
		A42800491A2464F800F28C78 /* GrahamScan.swift in Sources */ = {isa = PBXBuildFile; fileRef = A42800481A2464F800F28C78 /* GrahamScan.swift */; };
/* End PBXBuildFile section */

/* Begin PBXContainerItemProxy section */
		A41885F91A23047300829E0B /* PBXContainerItemProxy */ = {
			isa = PBXContainerItemProxy;
			containerPortal = A41885DE1A23047300829E0B /* Project object */;
			proxyType = 1;
			remoteGlobalIDString = A41885E51A23047300829E0B;
			remoteInfo = ConvexHull;
		};
/* End PBXContainerItemProxy section */

/* Begin PBXFileReference section */
		A412370A1A24A6F0006FDBB8 /* DivideAndConquer.swift */ = {isa = PBXFileReference; fileEncoding = 4; lastKnownFileType = sourcecode.swift; path = DivideAndConquer.swift; sourceTree = "<group>"; };
		A41388BC1A2363EA00B14710 /* Background.swift */ = {isa = PBXFileReference; fileEncoding = 4; lastKnownFileType = sourcecode.swift; path = Background.swift; sourceTree = "<group>"; };
		A41885E61A23047300829E0B /* ConvexHull.app */ = {isa = PBXFileReference; explicitFileType = wrapper.application; includeInIndex = 0; path = ConvexHull.app; sourceTree = BUILT_PRODUCTS_DIR; };
		A41885EA1A23047300829E0B /* Info.plist */ = {isa = PBXFileReference; lastKnownFileType = text.plist.xml; path = Info.plist; sourceTree = "<group>"; };
		A41885EB1A23047300829E0B /* AppDelegate.swift */ = {isa = PBXFileReference; lastKnownFileType = sourcecode.swift; path = AppDelegate.swift; sourceTree = "<group>"; };
		A41885ED1A23047300829E0B /* ViewController.swift */ = {isa = PBXFileReference; lastKnownFileType = sourcecode.swift; path = ViewController.swift; sourceTree = "<group>"; };
		A41885EF1A23047300829E0B /* Images.xcassets */ = {isa = PBXFileReference; lastKnownFileType = folder.assetcatalog; path = Images.xcassets; sourceTree = "<group>"; };
		A41885F21A23047300829E0B /* Base */ = {isa = PBXFileReference; lastKnownFileType = file.storyboard; name = Base; path = Base.lproj/Main.storyboard; sourceTree = "<group>"; };
		A41885F81A23047300829E0B /* ConvexHullTests.xctest */ = {isa = PBXFileReference; explicitFileType = wrapper.cfbundle; includeInIndex = 0; path = ConvexHullTests.xctest; sourceTree = BUILT_PRODUCTS_DIR; };
		A41885FD1A23047300829E0B /* Info.plist */ = {isa = PBXFileReference; lastKnownFileType = text.plist.xml; path = Info.plist; sourceTree = "<group>"; };
		A41885FE1A23047300829E0B /* ConvexHullTests.swift */ = {isa = PBXFileReference; lastKnownFileType = sourcecode.swift; path = ConvexHullTests.swift; sourceTree = "<group>"; };
		A41886081A2304F900829E0B /* BruteForceCH.swift */ = {isa = PBXFileReference; fileEncoding = 4; lastKnownFileType = sourcecode.swift; path = BruteForceCH.swift; sourceTree = "<group>"; };
		A41EF85D1A240D4F0014A61F /* PointView.swift */ = {isa = PBXFileReference; fileEncoding = 4; lastKnownFileType = sourcecode.swift; path = PointView.swift; sourceTree = "<group>"; };
		A42800451A241ACF00F28C78 /* HelpMethod.swift */ = {isa = PBXFileReference; fileEncoding = 4; lastKnownFileType = sourcecode.swift; path = HelpMethod.swift; sourceTree = "<group>"; };
		A42800481A2464F800F28C78 /* GrahamScan.swift */ = {isa = PBXFileReference; fileEncoding = 4; lastKnownFileType = sourcecode.swift; path = GrahamScan.swift; sourceTree = "<group>"; };
/* End PBXFileReference section */

/* Begin PBXFrameworksBuildPhase section */
		A41885E31A23047300829E0B /* Frameworks */ = {
			isa = PBXFrameworksBuildPhase;
			buildActionMask = 2147483647;
			files = (
			);
			runOnlyForDeploymentPostprocessing = 0;
		};
		A41885F51A23047300829E0B /* Frameworks */ = {
			isa = PBXFrameworksBuildPhase;
			buildActionMask = 2147483647;
			files = (
			);
			runOnlyForDeploymentPostprocessing = 0;
		};
/* End PBXFrameworksBuildPhase section */

/* Begin PBXGroup section */
		A41885DD1A23047300829E0B = {
			isa = PBXGroup;
			children = (
				A41885E81A23047300829E0B /* ConvexHull */,
				A41885FB1A23047300829E0B /* ConvexHullTests */,
				A41885E71A23047300829E0B /* Products */,
			);
			sourceTree = "<group>";
		};
		A41885E71A23047300829E0B /* Products */ = {
			isa = PBXGroup;
			children = (
				A41885E61A23047300829E0B /* ConvexHull.app */,
				A41885F81A23047300829E0B /* ConvexHullTests.xctest */,
			);
			name = Products;
			sourceTree = "<group>";
		};
		A41885E81A23047300829E0B /* ConvexHull */ = {
			isa = PBXGroup;
			children = (
				A42800471A241AD600F28C78 /* Utils */,
				A41EF8601A240D6A0014A61F /* Algorithm */,
				A41EF85F1A240D590014A61F /* Views */,
				A41885EB1A23047300829E0B /* AppDelegate.swift */,
				A41885ED1A23047300829E0B /* ViewController.swift */,
				A41885EF1A23047300829E0B /* Images.xcassets */,
				A41885F11A23047300829E0B /* Main.storyboard */,
				A41885E91A23047300829E0B /* Supporting Files */,
			);
			path = ConvexHull;
			sourceTree = "<group>";
		};
		A41885E91A23047300829E0B /* Supporting Files */ = {
			isa = PBXGroup;
			children = (
				A41885EA1A23047300829E0B /* Info.plist */,
			);
			name = "Supporting Files";
			sourceTree = "<group>";
		};
		A41885FB1A23047300829E0B /* ConvexHullTests */ = {
			isa = PBXGroup;
			children = (
				A41885FE1A23047300829E0B /* ConvexHullTests.swift */,
				A41885FC1A23047300829E0B /* Supporting Files */,
			);
			path = ConvexHullTests;
			sourceTree = "<group>";
		};
		A41885FC1A23047300829E0B /* Supporting Files */ = {
			isa = PBXGroup;
			children = (
				A41885FD1A23047300829E0B /* Info.plist */,
			);
			name = "Supporting Files";
			sourceTree = "<group>";
		};
		A41EF85F1A240D590014A61F /* Views */ = {
			isa = PBXGroup;
			children = (
				A41388BC1A2363EA00B14710 /* Background.swift */,
				A41EF85D1A240D4F0014A61F /* PointView.swift */,
			);
			name = Views;
			sourceTree = "<group>";
		};
		A41EF8601A240D6A0014A61F /* Algorithm */ = {
			isa = PBXGroup;
			children = (
				A41886081A2304F900829E0B /* BruteForceCH.swift */,
				A42800481A2464F800F28C78 /* GrahamScan.swift */,
				A412370A1A24A6F0006FDBB8 /* DivideAndConquer.swift */,
			);
			name = Algorithm;
			sourceTree = "<group>";
		};
		A42800471A241AD600F28C78 /* Utils */ = {
			isa = PBXGroup;
			children = (
				A42800451A241ACF00F28C78 /* HelpMethod.swift */,
			);
			name = Utils;
			sourceTree = "<group>";
		};
/* End PBXGroup section */

/* Begin PBXNativeTarget section */
		A41885E51A23047300829E0B /* ConvexHull */ = {
			isa = PBXNativeTarget;
			buildConfigurationList = A41886021A23047300829E0B /* Build configuration list for PBXNativeTarget "ConvexHull" */;
			buildPhases = (
				A41885E21A23047300829E0B /* Sources */,
				A41885E31A23047300829E0B /* Frameworks */,
				A41885E41A23047300829E0B /* Resources */,
			);
			buildRules = (
			);
			dependencies = (
			);
			name = ConvexHull;
			productName = ConvexHull;
			productReference = A41885E61A23047300829E0B /* ConvexHull.app */;
			productType = "com.apple.product-type.application";
		};
		A41885F71A23047300829E0B /* ConvexHullTests */ = {
			isa = PBXNativeTarget;
			buildConfigurationList = A41886051A23047300829E0B /* Build configuration list for PBXNativeTarget "ConvexHullTests" */;
			buildPhases = (
				A41885F41A23047300829E0B /* Sources */,
				A41885F51A23047300829E0B /* Frameworks */,
				A41885F61A23047300829E0B /* Resources */,
			);
			buildRules = (
			);
			dependencies = (
				A41885FA1A23047300829E0B /* PBXTargetDependency */,
			);
			name = ConvexHullTests;
			productName = ConvexHullTests;
			productReference = A41885F81A23047300829E0B /* ConvexHullTests.xctest */;
			productType = "com.apple.product-type.bundle.unit-test";
		};
/* End PBXNativeTarget section */

/* Begin PBXProject section */
		A41885DE1A23047300829E0B /* Project object */ = {
			isa = PBXProject;
			attributes = {
				LastSwiftMigration = 0700;
				LastSwiftUpdateCheck = 0700;
				LastUpgradeCheck = 0800;
				ORGANIZATIONNAME = "杨萧玉";
				TargetAttributes = {
					A41885E51A23047300829E0B = {
						CreatedOnToolsVersion = 6.1;
						LastSwiftMigration = 0800;
					};
					A41885F71A23047300829E0B = {
						CreatedOnToolsVersion = 6.1;
						LastSwiftMigration = 0800;
						TestTargetID = A41885E51A23047300829E0B;
					};
				};
			};
			buildConfigurationList = A41885E11A23047300829E0B /* Build configuration list for PBXProject "ConvexHull" */;
			compatibilityVersion = "Xcode 3.2";
			developmentRegion = English;
			hasScannedForEncodings = 0;
			knownRegions = (
				en,
				Base,
			);
			mainGroup = A41885DD1A23047300829E0B;
			productRefGroup = A41885E71A23047300829E0B /* Products */;
			projectDirPath = "";
			projectRoot = "";
			targets = (
				A41885E51A23047300829E0B /* ConvexHull */,
				A41885F71A23047300829E0B /* ConvexHullTests */,
			);
		};
/* End PBXProject section */

/* Begin PBXResourcesBuildPhase section */
		A41885E41A23047300829E0B /* Resources */ = {
			isa = PBXResourcesBuildPhase;
			buildActionMask = 2147483647;
			files = (
				A41885F01A23047300829E0B /* Images.xcassets in Resources */,
				A41885F31A23047300829E0B /* Main.storyboard in Resources */,
			);
			runOnlyForDeploymentPostprocessing = 0;
		};
		A41885F61A23047300829E0B /* Resources */ = {
			isa = PBXResourcesBuildPhase;
			buildActionMask = 2147483647;
			files = (
			);
			runOnlyForDeploymentPostprocessing = 0;
		};
/* End PBXResourcesBuildPhase section */

/* Begin PBXSourcesBuildPhase section */
		A41885E21A23047300829E0B /* Sources */ = {
			isa = PBXSourcesBuildPhase;
			buildActionMask = 2147483647;
			files = (
				A41EF85E1A240D4F0014A61F /* PointView.swift in Sources */,
				A42800461A241ACF00F28C78 /* HelpMethod.swift in Sources */,
				A42800491A2464F800F28C78 /* GrahamScan.swift in Sources */,
				A41885EE1A23047300829E0B /* ViewController.swift in Sources */,
				A41885EC1A23047300829E0B /* AppDelegate.swift in Sources */,
				A41886091A2304F900829E0B /* BruteForceCH.swift in Sources */,
				A412370B1A24A6F0006FDBB8 /* DivideAndConquer.swift in Sources */,
				A41388BD1A2363EA00B14710 /* Background.swift in Sources */,
			);
			runOnlyForDeploymentPostprocessing = 0;
		};
		A41885F41A23047300829E0B /* Sources */ = {
			isa = PBXSourcesBuildPhase;
			buildActionMask = 2147483647;
			files = (
				A41885FF1A23047300829E0B /* ConvexHullTests.swift in Sources */,
			);
			runOnlyForDeploymentPostprocessing = 0;
		};
/* End PBXSourcesBuildPhase section */

/* Begin PBXTargetDependency section */
		A41885FA1A23047300829E0B /* PBXTargetDependency */ = {
			isa = PBXTargetDependency;
			target = A41885E51A23047300829E0B /* ConvexHull */;
			targetProxy = A41885F91A23047300829E0B /* PBXContainerItemProxy */;
		};
/* End PBXTargetDependency section */

/* Begin PBXVariantGroup section */
		A41885F11A23047300829E0B /* Main.storyboard */ = {
			isa = PBXVariantGroup;
			children = (
				A41885F21A23047300829E0B /* Base */,
			);
			name = Main.storyboard;
			sourceTree = "<group>";
		};
/* End PBXVariantGroup section */

/* Begin XCBuildConfiguration section */
		A41886001A23047300829E0B /* Debug */ = {
			isa = XCBuildConfiguration;
			buildSettings = {
				ALWAYS_SEARCH_USER_PATHS = NO;
				CLANG_CXX_LANGUAGE_STANDARD = "gnu++0x";
				CLANG_CXX_LIBRARY = "libc++";
				CLANG_ENABLE_MODULES = YES;
				CLANG_ENABLE_OBJC_ARC = YES;
				CLANG_WARN_BOOL_CONVERSION = YES;
				CLANG_WARN_CONSTANT_CONVERSION = YES;
				CLANG_WARN_DIRECT_OBJC_ISA_USAGE = YES_ERROR;
				CLANG_WARN_EMPTY_BODY = YES;
				CLANG_WARN_ENUM_CONVERSION = YES;
				CLANG_WARN_INFINITE_RECURSION = YES;
				CLANG_WARN_INT_CONVERSION = YES;
				CLANG_WARN_OBJC_ROOT_CLASS = YES_ERROR;
				CLANG_WARN_SUSPICIOUS_MOVE = YES;
				CLANG_WARN_UNREACHABLE_CODE = YES;
				CLANG_WARN__DUPLICATE_METHOD_MATCH = YES;
				CODE_SIGN_IDENTITY = "-";
				COPY_PHASE_STRIP = NO;
				ENABLE_STRICT_OBJC_MSGSEND = YES;
				ENABLE_TESTABILITY = YES;
				GCC_C_LANGUAGE_STANDARD = gnu99;
				GCC_DYNAMIC_NO_PIC = NO;
				GCC_NO_COMMON_BLOCKS = YES;
				GCC_OPTIMIZATION_LEVEL = 0;
				GCC_PREPROCESSOR_DEFINITIONS = (
					"DEBUG=1",
					"$(inherited)",
				);
				GCC_SYMBOLS_PRIVATE_EXTERN = NO;
				GCC_WARN_64_TO_32_BIT_CONVERSION = YES;
				GCC_WARN_ABOUT_RETURN_TYPE = YES_ERROR;
				GCC_WARN_UNDECLARED_SELECTOR = YES;
				GCC_WARN_UNINITIALIZED_AUTOS = YES_AGGRESSIVE;
				GCC_WARN_UNUSED_FUNCTION = YES;
				GCC_WARN_UNUSED_VARIABLE = YES;
				MACOSX_DEPLOYMENT_TARGET = 10.10;
				MTL_ENABLE_DEBUG_INFO = YES;
				ONLY_ACTIVE_ARCH = YES;
				SDKROOT = macosx;
				SWIFT_OPTIMIZATION_LEVEL = "-Onone";
			};
			name = Debug;
		};
		A41886011A23047300829E0B /* Release */ = {
			isa = XCBuildConfiguration;
			buildSettings = {
				ALWAYS_SEARCH_USER_PATHS = NO;
				CLANG_CXX_LANGUAGE_STANDARD = "gnu++0x";
				CLANG_CXX_LIBRARY = "libc++";
				CLANG_ENABLE_MODULES = YES;
				CLANG_ENABLE_OBJC_ARC = YES;
				CLANG_WARN_BOOL_CONVERSION = YES;
				CLANG_WARN_CONSTANT_CONVERSION = YES;
				CLANG_WARN_DIRECT_OBJC_ISA_USAGE = YES_ERROR;
				CLANG_WARN_EMPTY_BODY = YES;
				CLANG_WARN_ENUM_CONVERSION = YES;
				CLANG_WARN_INFINITE_RECURSION = YES;
				CLANG_WARN_INT_CONVERSION = YES;
				CLANG_WARN_OBJC_ROOT_CLASS = YES_ERROR;
				CLANG_WARN_SUSPICIOUS_MOVE = YES;
				CLANG_WARN_UNREACHABLE_CODE = YES;
				CLANG_WARN__DUPLICATE_METHOD_MATCH = YES;
				CODE_SIGN_IDENTITY = "-";
				COPY_PHASE_STRIP = YES;
				DEBUG_INFORMATION_FORMAT = "dwarf-with-dsym";
				ENABLE_NS_ASSERTIONS = NO;
				ENABLE_STRICT_OBJC_MSGSEND = YES;
				GCC_C_LANGUAGE_STANDARD = gnu99;
				GCC_NO_COMMON_BLOCKS = YES;
				GCC_WARN_64_TO_32_BIT_CONVERSION = YES;
				GCC_WARN_ABOUT_RETURN_TYPE = YES_ERROR;
				GCC_WARN_UNDECLARED_SELECTOR = YES;
				GCC_WARN_UNINITIALIZED_AUTOS = YES_AGGRESSIVE;
				GCC_WARN_UNUSED_FUNCTION = YES;
				GCC_WARN_UNUSED_VARIABLE = YES;
				MACOSX_DEPLOYMENT_TARGET = 10.10;
				MTL_ENABLE_DEBUG_INFO = NO;
				SDKROOT = macosx;
				SWIFT_OPTIMIZATION_LEVEL = "-Owholemodule";
			};
			name = Release;
		};
		A41886031A23047300829E0B /* Debug */ = {
			isa = XCBuildConfiguration;
			buildSettings = {
				ASSETCATALOG_COMPILER_APPICON_NAME = AppIcon;
				COMBINE_HIDPI_IMAGES = YES;
				INFOPLIST_FILE = ConvexHull/Info.plist;
				LD_RUNPATH_SEARCH_PATHS = "$(inherited) @executable_path/../Frameworks";
				PRODUCT_BUNDLE_IDENTIFIER = "com.yxy.$(PRODUCT_NAME:rfc1034identifier)";
				PRODUCT_NAME = "$(TARGET_NAME)";
				SWIFT_VERSION = 3.0;
			};
			name = Debug;
		};
		A41886041A23047300829E0B /* Release */ = {
			isa = XCBuildConfiguration;
			buildSettings = {
				ASSETCATALOG_COMPILER_APPICON_NAME = AppIcon;
				COMBINE_HIDPI_IMAGES = YES;
				INFOPLIST_FILE = ConvexHull/Info.plist;
				LD_RUNPATH_SEARCH_PATHS = "$(inherited) @executable_path/../Frameworks";
				PRODUCT_BUNDLE_IDENTIFIER = "com.yxy.$(PRODUCT_NAME:rfc1034identifier)";
				PRODUCT_NAME = "$(TARGET_NAME)";
				SWIFT_VERSION = 3.0;
			};
			name = Release;
		};
		A41886061A23047300829E0B /* Debug */ = {
			isa = XCBuildConfiguration;
			buildSettings = {
				BUNDLE_LOADER = "$(TEST_HOST)";
				COMBINE_HIDPI_IMAGES = YES;
				FRAMEWORK_SEARCH_PATHS = (
					"$(DEVELOPER_FRAMEWORKS_DIR)",
					"$(inherited)",
				);
				GCC_PREPROCESSOR_DEFINITIONS = (
					"DEBUG=1",
					"$(inherited)",
				);
				INFOPLIST_FILE = ConvexHullTests/Info.plist;
				LD_RUNPATH_SEARCH_PATHS = "$(inherited) @executable_path/../Frameworks @loader_path/../Frameworks";
				PRODUCT_BUNDLE_IDENTIFIER = "com.yxy.$(PRODUCT_NAME:rfc1034identifier)";
				PRODUCT_NAME = "$(TARGET_NAME)";
				SWIFT_VERSION = 3.0;
				TEST_HOST = "$(BUILT_PRODUCTS_DIR)/ConvexHull.app/Contents/MacOS/ConvexHull";
			};
			name = Debug;
		};
		A41886071A23047300829E0B /* Release */ = {
			isa = XCBuildConfiguration;
			buildSettings = {
				BUNDLE_LOADER = "$(TEST_HOST)";
				COMBINE_HIDPI_IMAGES = YES;
				FRAMEWORK_SEARCH_PATHS = (
					"$(DEVELOPER_FRAMEWORKS_DIR)",
					"$(inherited)",
				);
				INFOPLIST_FILE = ConvexHullTests/Info.plist;
				LD_RUNPATH_SEARCH_PATHS = "$(inherited) @executable_path/../Frameworks @loader_path/../Frameworks";
				PRODUCT_BUNDLE_IDENTIFIER = "com.yxy.$(PRODUCT_NAME:rfc1034identifier)";
				PRODUCT_NAME = "$(TARGET_NAME)";
				SWIFT_VERSION = 3.0;
				TEST_HOST = "$(BUILT_PRODUCTS_DIR)/ConvexHull.app/Contents/MacOS/ConvexHull";
			};
			name = Release;
		};
/* End XCBuildConfiguration section */

/* Begin XCConfigurationList section */
		A41885E11A23047300829E0B /* Build configuration list for PBXProject "ConvexHull" */ = {
			isa = XCConfigurationList;
			buildConfigurations = (
				A41886001A23047300829E0B /* Debug */,
				A41886011A23047300829E0B /* Release */,
			);
			defaultConfigurationIsVisible = 0;
			defaultConfigurationName = Release;
		};
		A41886021A23047300829E0B /* Build configuration list for PBXNativeTarget "ConvexHull" */ = {
			isa = XCConfigurationList;
			buildConfigurations = (
				A41886031A23047300829E0B /* Debug */,
				A41886041A23047300829E0B /* Release */,
			);
			defaultConfigurationIsVisible = 0;
			defaultConfigurationName = Release;
		};
		A41886051A23047300829E0B /* Build configuration list for PBXNativeTarget "ConvexHullTests" */ = {
			isa = XCConfigurationList;
			buildConfigurations = (
				A41886061A23047300829E0B /* Debug */,
				A41886071A23047300829E0B /* Release */,
			);
			defaultConfigurationIsVisible = 0;
			defaultConfigurationName = Release;
		};
/* End XCConfigurationList section */
	};
	rootObject = A41885DE1A23047300829E0B /* Project object */;
}
